// !$*UTF8*$!
{
	archiveVersion = 1;
	classes = {
	};
	objectVersion = 56;
	objects = {

/* Begin PBXBuildFile section */
		9542171A2A43067C0031A3A4 /* ExtensionRoundedCorner.swift in Sources */ = {isa = PBXBuildFile; fileRef = 954217192A43067C0031A3A4 /* ExtensionRoundedCorner.swift */; };
		954217222A4307020031A3A4 /* StarRatingView.swift in Sources */ = {isa = PBXBuildFile; fileRef = 954217212A4307020031A3A4 /* StarRatingView.swift */; };
		BE046BDE2A458E67005DE26A /* ButtonGenerateDataView.swift in Sources */ = {isa = PBXBuildFile; fileRef = BE046BDD2A458E67005DE26A /* ButtonGenerateDataView.swift */; };
		BE26F93C2A5082F8003BE293 /* [UNUSED]fetchDataFromCloudKit.swift in Sources */ = {isa = PBXBuildFile; fileRef = BE26F93B2A5082F8003BE293 /* [UNUSED]fetchDataFromCloudKit.swift */; };
		BE2EFA432A5147C10037B779 /* AuthManager.swift in Sources */ = {isa = PBXBuildFile; fileRef = BE2EFA422A5147C10037B779 /* AuthManager.swift */; };
		BE2EFA452A51F03F0037B779 /* FacilityModel.swift in Sources */ = {isa = PBXBuildFile; fileRef = BE2EFA442A51F03F0037B779 /* FacilityModel.swift */; };
		BE496F652A4ED8D200434A7D /* FetchDataFromCloudKit.swift in Sources */ = {isa = PBXBuildFile; fileRef = BE496F642A4ED8D200434A7D /* FetchDataFromCloudKit.swift */; };
		BEA3EF542A4430FE002805DF /* PlacesPhotosModel.swift in Sources */ = {isa = PBXBuildFile; fileRef = BEA3EF532A4430FE002805DF /* PlacesPhotosModel.swift */; };
		BEB382A22A4C202D00ED81AA /* CloudKit.swift in Sources */ = {isa = PBXBuildFile; fileRef = BEB382A12A4C202D00ED81AA /* CloudKit.swift */; };
		BEF118DA2A42E786000FA40D /* SearchPlaceView.swift in Sources */ = {isa = PBXBuildFile; fileRef = BEF118D92A42E786000FA40D /* SearchPlaceView.swift */; };
		BEF118DC2A42E898000FA40D /* FoursquareAPI.swift in Sources */ = {isa = PBXBuildFile; fileRef = BEF118DB2A42E898000FA40D /* FoursquareAPI.swift */; };
		BEF118E02A4304CF000FA40D /* PlacesModel.swift in Sources */ = {isa = PBXBuildFile; fileRef = BEF118DF2A4304CF000FA40D /* PlacesModel.swift */; };
		C994EFE52A3C551800667459 /* MC2_WheelHelpApp.swift in Sources */ = {isa = PBXBuildFile; fileRef = C994EFE42A3C551800667459 /* MC2_WheelHelpApp.swift */; };
		C994EFE72A3C551800667459 /* ContentView.swift in Sources */ = {isa = PBXBuildFile; fileRef = C994EFE62A3C551800667459 /* ContentView.swift */; };
		C994EFE92A3C551900667459 /* Assets.xcassets in Resources */ = {isa = PBXBuildFile; fileRef = C994EFE82A3C551900667459 /* Assets.xcassets */; };
		C994EFEC2A3C551900667459 /* Preview Assets.xcassets in Resources */ = {isa = PBXBuildFile; fileRef = C994EFEB2A3C551900667459 /* Preview Assets.xcassets */; };
		C994EFEE2A3C551900667459 /* Persistence.swift in Sources */ = {isa = PBXBuildFile; fileRef = C994EFED2A3C551900667459 /* Persistence.swift */; };
		C994EFF12A3C551900667459 /* MC2_WheelHelp.xcdatamodeld in Sources */ = {isa = PBXBuildFile; fileRef = C994EFEF2A3C551900667459 /* MC2_WheelHelp.xcdatamodeld */; };
		C994EFFB2A42ED7C00667459 /* ProfileView.swift in Sources */ = {isa = PBXBuildFile; fileRef = C994EFFA2A42ED7C00667459 /* ProfileView.swift */; };
		C994EFFE2A42F92600667459 /* SignInView.swift in Sources */ = {isa = PBXBuildFile; fileRef = C994EFFD2A42F92600667459 /* SignInView.swift */; };
		C9CC26812A52D6B500F602B1 /* PlaceView.swift in Sources */ = {isa = PBXBuildFile; fileRef = C9CC26802A52D6B500F602B1 /* PlaceView.swift */; };
		C9CC26832A52D6CA00F602B1 /* SearchView.swift in Sources */ = {isa = PBXBuildFile; fileRef = C9CC26822A52D6CA00F602B1 /* SearchView.swift */; };
		C9CC26862A52D71F00F602B1 /* KategoriCardView.swift in Sources */ = {isa = PBXBuildFile; fileRef = C9CC26852A52D71F00F602B1 /* KategoriCardView.swift */; };
		C9CC26882A52D72B00F602B1 /* RekomendasiCardView.swift in Sources */ = {isa = PBXBuildFile; fileRef = C9CC26872A52D72B00F602B1 /* RekomendasiCardView.swift */; };
		C9CC268A2A52D75000F602B1 /* OnBoardingPageView.swift in Sources */ = {isa = PBXBuildFile; fileRef = C9CC26892A52D75000F602B1 /* OnBoardingPageView.swift */; };
		C9CC268D2A52D7A300F602B1 /* CategoryListView.swift in Sources */ = {isa = PBXBuildFile; fileRef = C9CC268C2A52D7A300F602B1 /* CategoryListView.swift */; };
		C9CC26902A52D7BF00F602B1 /* CategoryListCardView.swift in Sources */ = {isa = PBXBuildFile; fileRef = C9CC268F2A52D7BF00F602B1 /* CategoryListCardView.swift */; };
		C9CC26942A52D80700F602B1 /* OnBoarding.swift in Sources */ = {isa = PBXBuildFile; fileRef = C9CC26932A52D80700F602B1 /* OnBoarding.swift */; };
		C9CC26C12A56A9E500F602B1 /* ProfileReviewView.swift in Sources */ = {isa = PBXBuildFile; fileRef = C9CC26C02A56A9E500F602B1 /* ProfileReviewView.swift */; };
		FF29F02E2A42EEBF001234AB /* PlaceDetailInformationView.swift in Sources */ = {isa = PBXBuildFile; fileRef = FF29F02D2A42EEBF001234AB /* PlaceDetailInformationView.swift */; };
		FF3F39902A496DBB004B1E3F /* AddReviewView.swift in Sources */ = {isa = PBXBuildFile; fileRef = FF3F398F2A496DBB004B1E3F /* AddReviewView.swift */; };
		FF9A44CE2A443E7200D345EC /* NearbyHealthFacilitiesCardView.swift in Sources */ = {isa = PBXBuildFile; fileRef = FF9A44CD2A443E7200D345EC /* NearbyHealthFacilitiesCardView.swift */; };
		FF9A44D22A444C2400D345EC /* ReviewSmallCardView.swift in Sources */ = {isa = PBXBuildFile; fileRef = FF9A44D12A444C2400D345EC /* ReviewSmallCardView.swift */; };
		FFEEEBBE2A4E8F0A00E97FE5 /* PlaceDetailFacilityView.swift in Sources */ = {isa = PBXBuildFile; fileRef = FFEEEBBD2A4E8F0A00E97FE5 /* PlaceDetailFacilityView.swift */; };
		FFEEEBC02A4E915100E97FE5 /* PlaceDetailReviewView.swift in Sources */ = {isa = PBXBuildFile; fileRef = FFEEEBBF2A4E915100E97FE5 /* PlaceDetailReviewView.swift */; };
		FFEEEBC22A4E93FB00E97FE5 /* ReviewCardView.swift in Sources */ = {isa = PBXBuildFile; fileRef = FFEEEBC12A4E93FB00E97FE5 /* ReviewCardView.swift */; };
		FFEEEBC42A4E972D00E97FE5 /* FacilityCardView.swift in Sources */ = {isa = PBXBuildFile; fileRef = FFEEEBC32A4E972D00E97FE5 /* FacilityCardView.swift */; };
/* End PBXBuildFile section */

/* Begin PBXFileReference section */
		954217192A43067C0031A3A4 /* ExtensionRoundedCorner.swift */ = {isa = PBXFileReference; lastKnownFileType = sourcecode.swift; path = ExtensionRoundedCorner.swift; sourceTree = "<group>"; };
		954217212A4307020031A3A4 /* StarRatingView.swift */ = {isa = PBXFileReference; lastKnownFileType = sourcecode.swift; path = StarRatingView.swift; sourceTree = "<group>"; };
		BE046BDD2A458E67005DE26A /* ButtonGenerateDataView.swift */ = {isa = PBXFileReference; lastKnownFileType = sourcecode.swift; path = ButtonGenerateDataView.swift; sourceTree = "<group>"; };
		BE26F93B2A5082F8003BE293 /* [UNUSED]fetchDataFromCloudKit.swift */ = {isa = PBXFileReference; lastKnownFileType = sourcecode.swift; path = "[UNUSED]fetchDataFromCloudKit.swift"; sourceTree = "<group>"; };
		BE2EFA422A5147C10037B779 /* AuthManager.swift */ = {isa = PBXFileReference; lastKnownFileType = sourcecode.swift; path = AuthManager.swift; sourceTree = "<group>"; };
		BE2EFA442A51F03F0037B779 /* FacilityModel.swift */ = {isa = PBXFileReference; lastKnownFileType = sourcecode.swift; path = FacilityModel.swift; sourceTree = "<group>"; };
		BE496F642A4ED8D200434A7D /* FetchDataFromCloudKit.swift */ = {isa = PBXFileReference; lastKnownFileType = sourcecode.swift; path = FetchDataFromCloudKit.swift; sourceTree = "<group>"; };
		BEA3EF532A4430FE002805DF /* PlacesPhotosModel.swift */ = {isa = PBXFileReference; lastKnownFileType = sourcecode.swift; path = PlacesPhotosModel.swift; sourceTree = "<group>"; };
		BEB382A02A4C16DC00ED81AA /* MC2_WheelHelp.entitlements */ = {isa = PBXFileReference; lastKnownFileType = text.plist.entitlements; path = MC2_WheelHelp.entitlements; sourceTree = "<group>"; };
		BEB382A12A4C202D00ED81AA /* CloudKit.swift */ = {isa = PBXFileReference; lastKnownFileType = sourcecode.swift; path = CloudKit.swift; sourceTree = "<group>"; };
		BEF118D92A42E786000FA40D /* SearchPlaceView.swift */ = {isa = PBXFileReference; lastKnownFileType = sourcecode.swift; path = SearchPlaceView.swift; sourceTree = "<group>"; };
		BEF118DB2A42E898000FA40D /* FoursquareAPI.swift */ = {isa = PBXFileReference; lastKnownFileType = sourcecode.swift; path = FoursquareAPI.swift; sourceTree = "<group>"; };
		BEF118DF2A4304CF000FA40D /* PlacesModel.swift */ = {isa = PBXFileReference; lastKnownFileType = sourcecode.swift; path = PlacesModel.swift; sourceTree = "<group>"; };
		C994EFE12A3C551800667459 /* MC2_WheelHelp.app */ = {isa = PBXFileReference; explicitFileType = wrapper.application; includeInIndex = 0; path = MC2_WheelHelp.app; sourceTree = BUILT_PRODUCTS_DIR; };
		C994EFE42A3C551800667459 /* MC2_WheelHelpApp.swift */ = {isa = PBXFileReference; lastKnownFileType = sourcecode.swift; path = MC2_WheelHelpApp.swift; sourceTree = "<group>"; };
		C994EFE62A3C551800667459 /* ContentView.swift */ = {isa = PBXFileReference; lastKnownFileType = sourcecode.swift; path = ContentView.swift; sourceTree = "<group>"; };
		C994EFE82A3C551900667459 /* Assets.xcassets */ = {isa = PBXFileReference; lastKnownFileType = folder.assetcatalog; path = Assets.xcassets; sourceTree = "<group>"; };
		C994EFEB2A3C551900667459 /* Preview Assets.xcassets */ = {isa = PBXFileReference; lastKnownFileType = folder.assetcatalog; path = "Preview Assets.xcassets"; sourceTree = "<group>"; };
		C994EFED2A3C551900667459 /* Persistence.swift */ = {isa = PBXFileReference; lastKnownFileType = sourcecode.swift; path = Persistence.swift; sourceTree = "<group>"; };
		C994EFF02A3C551900667459 /* MC2_WheelHelp.xcdatamodel */ = {isa = PBXFileReference; lastKnownFileType = wrapper.xcdatamodel; path = MC2_WheelHelp.xcdatamodel; sourceTree = "<group>"; };
		C994EFF22A3C551900667459 /* Info.plist */ = {isa = PBXFileReference; lastKnownFileType = text.plist.xml; path = Info.plist; sourceTree = "<group>"; };
		C994EFFA2A42ED7C00667459 /* ProfileView.swift */ = {isa = PBXFileReference; lastKnownFileType = sourcecode.swift; path = ProfileView.swift; sourceTree = "<group>"; };
		C994EFFD2A42F92600667459 /* SignInView.swift */ = {isa = PBXFileReference; lastKnownFileType = sourcecode.swift; path = SignInView.swift; sourceTree = "<group>"; };
		C9CC26802A52D6B500F602B1 /* PlaceView.swift */ = {isa = PBXFileReference; lastKnownFileType = sourcecode.swift; path = PlaceView.swift; sourceTree = "<group>"; };
		C9CC26822A52D6CA00F602B1 /* SearchView.swift */ = {isa = PBXFileReference; lastKnownFileType = sourcecode.swift; path = SearchView.swift; sourceTree = "<group>"; };
		C9CC26852A52D71F00F602B1 /* KategoriCardView.swift */ = {isa = PBXFileReference; lastKnownFileType = sourcecode.swift; path = KategoriCardView.swift; sourceTree = "<group>"; };
		C9CC26872A52D72B00F602B1 /* RekomendasiCardView.swift */ = {isa = PBXFileReference; lastKnownFileType = sourcecode.swift; path = RekomendasiCardView.swift; sourceTree = "<group>"; };
		C9CC26892A52D75000F602B1 /* OnBoardingPageView.swift */ = {isa = PBXFileReference; lastKnownFileType = sourcecode.swift; path = OnBoardingPageView.swift; sourceTree = "<group>"; };
		C9CC268C2A52D7A300F602B1 /* CategoryListView.swift */ = {isa = PBXFileReference; lastKnownFileType = sourcecode.swift; path = CategoryListView.swift; sourceTree = "<group>"; };
		C9CC268F2A52D7BF00F602B1 /* CategoryListCardView.swift */ = {isa = PBXFileReference; lastKnownFileType = sourcecode.swift; path = CategoryListCardView.swift; sourceTree = "<group>"; };
		C9CC26932A52D80700F602B1 /* OnBoarding.swift */ = {isa = PBXFileReference; lastKnownFileType = sourcecode.swift; path = OnBoarding.swift; sourceTree = "<group>"; };
		C9CC26C02A56A9E500F602B1 /* ProfileReviewView.swift */ = {isa = PBXFileReference; lastKnownFileType = sourcecode.swift; path = ProfileReviewView.swift; sourceTree = "<group>"; };
		FF29F02D2A42EEBF001234AB /* PlaceDetailInformationView.swift */ = {isa = PBXFileReference; lastKnownFileType = sourcecode.swift; path = PlaceDetailInformationView.swift; sourceTree = "<group>"; };
		FF3F398F2A496DBB004B1E3F /* AddReviewView.swift */ = {isa = PBXFileReference; lastKnownFileType = sourcecode.swift; path = AddReviewView.swift; sourceTree = "<group>"; };
		FF9A44CD2A443E7200D345EC /* NearbyHealthFacilitiesCardView.swift */ = {isa = PBXFileReference; lastKnownFileType = sourcecode.swift; path = NearbyHealthFacilitiesCardView.swift; sourceTree = "<group>"; };
		FF9A44D12A444C2400D345EC /* ReviewSmallCardView.swift */ = {isa = PBXFileReference; lastKnownFileType = sourcecode.swift; path = ReviewSmallCardView.swift; sourceTree = "<group>"; };
		FFEEEBBD2A4E8F0A00E97FE5 /* PlaceDetailFacilityView.swift */ = {isa = PBXFileReference; lastKnownFileType = sourcecode.swift; path = PlaceDetailFacilityView.swift; sourceTree = "<group>"; };
		FFEEEBBF2A4E915100E97FE5 /* PlaceDetailReviewView.swift */ = {isa = PBXFileReference; lastKnownFileType = sourcecode.swift; path = PlaceDetailReviewView.swift; sourceTree = "<group>"; };
		FFEEEBC12A4E93FB00E97FE5 /* ReviewCardView.swift */ = {isa = PBXFileReference; lastKnownFileType = sourcecode.swift; path = ReviewCardView.swift; sourceTree = "<group>"; };
		FFEEEBC32A4E972D00E97FE5 /* FacilityCardView.swift */ = {isa = PBXFileReference; lastKnownFileType = sourcecode.swift; path = FacilityCardView.swift; sourceTree = "<group>"; };
/* End PBXFileReference section */

/* Begin PBXFrameworksBuildPhase section */
		C994EFDE2A3C551800667459 /* Frameworks */ = {
			isa = PBXFrameworksBuildPhase;
			buildActionMask = 2147483647;
			files = (
			);
			runOnlyForDeploymentPostprocessing = 0;
		};
/* End PBXFrameworksBuildPhase section */

/* Begin PBXGroup section */
		954217182A43063D0031A3A4 /* Extension */ = {
			isa = PBXGroup;
			children = (
				954217192A43067C0031A3A4 /* ExtensionRoundedCorner.swift */,
				954217212A4307020031A3A4 /* StarRatingView.swift */,
			);
			path = Extension;
			sourceTree = "<group>";
		};
		BE496F662A4ED8D700434A7D /* ViewModel */ = {
			isa = PBXGroup;
			children = (
				BE496F642A4ED8D200434A7D /* FetchDataFromCloudKit.swift */,
				BE26F93B2A5082F8003BE293 /* [UNUSED]fetchDataFromCloudKit.swift */,
			);
			path = ViewModel;
			sourceTree = "<group>";
		};
		C994EFD82A3C551800667459 = {
			isa = PBXGroup;
			children = (
				C994EFE32A3C551800667459 /* MC2_WheelHelp */,
				C994EFE22A3C551800667459 /* Products */,
			);
			sourceTree = "<group>";
		};
		C994EFE22A3C551800667459 /* Products */ = {
			isa = PBXGroup;
			children = (
				C994EFE12A3C551800667459 /* MC2_WheelHelp.app */,
			);
			name = Products;
			sourceTree = "<group>";
		};
		C994EFE32A3C551800667459 /* MC2_WheelHelp */ = {
			isa = PBXGroup;
			children = (
				C9CC26922A52D7FC00F602B1 /* Model */,
				BEB382A02A4C16DC00ED81AA /* MC2_WheelHelp.entitlements */,
				FF29F02A2A42E908001234AB /* View */,
				954217182A43063D0031A3A4 /* Extension */,
				C994EFE42A3C551800667459 /* MC2_WheelHelpApp.swift */,
				C994EFE62A3C551800667459 /* ContentView.swift */,
				BEF118D92A42E786000FA40D /* SearchPlaceView.swift */,
				BE496F662A4ED8D700434A7D /* ViewModel */,
				BE046BDD2A458E67005DE26A /* ButtonGenerateDataView.swift */,
				BEF118DF2A4304CF000FA40D /* PlacesModel.swift */,
				BE2EFA422A5147C10037B779 /* AuthManager.swift */,
				BEA3EF532A4430FE002805DF /* PlacesPhotosModel.swift */,
				BEF118DB2A42E898000FA40D /* FoursquareAPI.swift */,
				BE2EFA442A51F03F0037B779 /* FacilityModel.swift */,
				BEB382A12A4C202D00ED81AA /* CloudKit.swift */,
				C994EFE82A3C551900667459 /* Assets.xcassets */,
				C994EFED2A3C551900667459 /* Persistence.swift */,
				C994EFF22A3C551900667459 /* Info.plist */,
				C994EFEF2A3C551900667459 /* MC2_WheelHelp.xcdatamodeld */,
				C994EFEA2A3C551900667459 /* Preview Content */,
			);
			path = MC2_WheelHelp;
			sourceTree = "<group>";
		};
		C994EFEA2A3C551900667459 /* Preview Content */ = {
			isa = PBXGroup;
			children = (
				C994EFEB2A3C551900667459 /* Preview Assets.xcassets */,
			);
			path = "Preview Content";
			sourceTree = "<group>";
		};
		C9CC267E2A52D67700F602B1 /* OnBoardingPage */ = {
			isa = PBXGroup;
			children = (
				C9CC26892A52D75000F602B1 /* OnBoardingPageView.swift */,
			);
			path = OnBoardingPage;
			sourceTree = "<group>";
		};
		C9CC267F2A52D69600F602B1 /* HomePage */ = {
			isa = PBXGroup;
			children = (
				C9CC26842A52D6FD00F602B1 /* CardView */,
				C9CC26802A52D6B500F602B1 /* PlaceView.swift */,
				C9CC26822A52D6CA00F602B1 /* SearchView.swift */,
			);
			path = HomePage;
			sourceTree = "<group>";
		};
		C9CC26842A52D6FD00F602B1 /* CardView */ = {
			isa = PBXGroup;
			children = (
				C9CC26852A52D71F00F602B1 /* KategoriCardView.swift */,
				C9CC26872A52D72B00F602B1 /* RekomendasiCardView.swift */,
			);
			path = CardView;
			sourceTree = "<group>";
		};
		C9CC268B2A52D79200F602B1 /* CategoryListView */ = {
			isa = PBXGroup;
			children = (
				C9CC268E2A52D7A600F602B1 /* CardView */,
				C9CC268C2A52D7A300F602B1 /* CategoryListView.swift */,
			);
			path = CategoryListView;
			sourceTree = "<group>";
		};
		C9CC268E2A52D7A600F602B1 /* CardView */ = {
			isa = PBXGroup;
			children = (
				C9CC268F2A52D7BF00F602B1 /* CategoryListCardView.swift */,
			);
			path = CardView;
			sourceTree = "<group>";
		};
		C9CC26922A52D7FC00F602B1 /* Model */ = {
			isa = PBXGroup;
			children = (
				C9CC26932A52D80700F602B1 /* OnBoarding.swift */,
			);
			path = Model;
			sourceTree = "<group>";
		};
		C9CC26C22A56A9EB00F602B1 /* Profile */ = {
			isa = PBXGroup;
			children = (
				C994EFFA2A42ED7C00667459 /* ProfileView.swift */,
				C9CC26C02A56A9E500F602B1 /* ProfileReviewView.swift */,
			);
			path = Profile;
			sourceTree = "<group>";
		};
		FF29F02A2A42E908001234AB /* View */ = {
			isa = PBXGroup;
			children = (
				C9CC268B2A52D79200F602B1 /* CategoryListView */,
				C9CC267F2A52D69600F602B1 /* HomePage */,
				C9CC267E2A52D67700F602B1 /* OnBoardingPage */,
				FF9A44CB2A443CEC00D345EC /* PlaceDetail */,
				C994EFFD2A42F92600667459 /* SignInView.swift */,
			);
			path = View;
			sourceTree = "<group>";
		};
		FF9A44CB2A443CEC00D345EC /* PlaceDetail */ = {
			isa = PBXGroup;
			children = (
				FF9A44CC2A443E4E00D345EC /* CardView */,
				FF29F02D2A42EEBF001234AB /* PlaceDetailInformationView.swift */,
				FF3F398F2A496DBB004B1E3F /* AddReviewView.swift */,
				FFEEEBBD2A4E8F0A00E97FE5 /* PlaceDetailFacilityView.swift */,
				FFEEEBBF2A4E915100E97FE5 /* PlaceDetailReviewView.swift */,
				C9CC26C22A56A9EB00F602B1 /* Profile */,
			);
			path = PlaceDetail;
			sourceTree = "<group>";
		};
		FF9A44CC2A443E4E00D345EC /* CardView */ = {
			isa = PBXGroup;
			children = (
				FF9A44CD2A443E7200D345EC /* NearbyHealthFacilitiesCardView.swift */,
				FF9A44D12A444C2400D345EC /* ReviewSmallCardView.swift */,
				FFEEEBC12A4E93FB00E97FE5 /* ReviewCardView.swift */,
				FFEEEBC32A4E972D00E97FE5 /* FacilityCardView.swift */,
			);
			path = CardView;
			sourceTree = "<group>";
		};
/* End PBXGroup section */

/* Begin PBXNativeTarget section */
		C994EFE02A3C551800667459 /* MC2_WheelHelp */ = {
			isa = PBXNativeTarget;
			buildConfigurationList = C994EFF52A3C551900667459 /* Build configuration list for PBXNativeTarget "MC2_WheelHelp" */;
			buildPhases = (
				C994EFDD2A3C551800667459 /* Sources */,
				C994EFDE2A3C551800667459 /* Frameworks */,
				C994EFDF2A3C551800667459 /* Resources */,
			);
			buildRules = (
			);
			dependencies = (
			);
			name = MC2_WheelHelp;
			productName = MC2_WheelHelp;
			productReference = C994EFE12A3C551800667459 /* MC2_WheelHelp.app */;
			productType = "com.apple.product-type.application";
		};
/* End PBXNativeTarget section */

/* Begin PBXProject section */
		C994EFD92A3C551800667459 /* Project object */ = {
			isa = PBXProject;
			attributes = {
				BuildIndependentTargetsInParallel = 1;
				LastSwiftUpdateCheck = 1430;
				LastUpgradeCheck = 1430;
				TargetAttributes = {
					C994EFE02A3C551800667459 = {
						CreatedOnToolsVersion = 14.3.1;
					};
				};
			};
			buildConfigurationList = C994EFDC2A3C551800667459 /* Build configuration list for PBXProject "MC2_WheelHelp" */;
			compatibilityVersion = "Xcode 14.0";
			developmentRegion = en;
			hasScannedForEncodings = 0;
			knownRegions = (
				en,
				Base,
			);
			mainGroup = C994EFD82A3C551800667459;
			productRefGroup = C994EFE22A3C551800667459 /* Products */;
			projectDirPath = "";
			projectRoot = "";
			targets = (
				C994EFE02A3C551800667459 /* MC2_WheelHelp */,
			);
		};
/* End PBXProject section */

/* Begin PBXResourcesBuildPhase section */
		C994EFDF2A3C551800667459 /* Resources */ = {
			isa = PBXResourcesBuildPhase;
			buildActionMask = 2147483647;
			files = (
				C994EFEC2A3C551900667459 /* Preview Assets.xcassets in Resources */,
				C994EFE92A3C551900667459 /* Assets.xcassets in Resources */,
			);
			runOnlyForDeploymentPostprocessing = 0;
		};
/* End PBXResourcesBuildPhase section */

/* Begin PBXSourcesBuildPhase section */
		C994EFDD2A3C551800667459 /* Sources */ = {
			isa = PBXSourcesBuildPhase;
			buildActionMask = 2147483647;
			files = (
				BEA3EF542A4430FE002805DF /* PlacesPhotosModel.swift in Sources */,
				BEF118E02A4304CF000FA40D /* PlacesModel.swift in Sources */,
				C994EFEE2A3C551900667459 /* Persistence.swift in Sources */,
				BEF118DC2A42E898000FA40D /* FoursquareAPI.swift in Sources */,
				BEB382A22A4C202D00ED81AA /* CloudKit.swift in Sources */,
				C9CC268A2A52D75000F602B1 /* OnBoardingPageView.swift in Sources */,
				BEF118DA2A42E786000FA40D /* SearchPlaceView.swift in Sources */,
				C994EFF12A3C551900667459 /* MC2_WheelHelp.xcdatamodeld in Sources */,
				BE2EFA432A5147C10037B779 /* AuthManager.swift in Sources */,
				BE046BDE2A458E67005DE26A /* ButtonGenerateDataView.swift in Sources */,
				C994EFEE2A3C551900667459 /* Persistence.swift in Sources */,
				FF9A44D22A444C2400D345EC /* ReviewSmallCardView.swift in Sources */,
				FF29F02E2A42EEBF001234AB /* PlaceDetailInformationView.swift in Sources */,
				C994EFF12A3C551900667459 /* MC2_WheelHelp.xcdatamodeld in Sources */,
				BE26F93C2A5082F8003BE293 /* [UNUSED]fetchDataFromCloudKit.swift in Sources */,
				BE496F652A4ED8D200434A7D /* FetchDataFromCloudKit.swift in Sources */,
				FF3F39902A496DBB004B1E3F /* AddReviewView.swift in Sources */,
				C9CC26902A52D7BF00F602B1 /* CategoryListCardView.swift in Sources */,
				FFEEEBC22A4E93FB00E97FE5 /* ReviewCardView.swift in Sources */,
				FFEEEBC02A4E915100E97FE5 /* PlaceDetailReviewView.swift in Sources */,
				C9CC26812A52D6B500F602B1 /* PlaceView.swift in Sources */,
				C994EFE72A3C551800667459 /* ContentView.swift in Sources */,
				BE2EFA452A51F03F0037B779 /* FacilityModel.swift in Sources */,
				FF9A44CE2A443E7200D345EC /* NearbyHealthFacilitiesCardView.swift in Sources */,
				954217222A4307020031A3A4 /* StarRatingView.swift in Sources */,
				C994EFFE2A42F92600667459 /* SignInView.swift in Sources */,
				C9CC26942A52D80700F602B1 /* OnBoarding.swift in Sources */,
				C994EFF12A3C551900667459 /* MC2_WheelHelp.xcdatamodeld in Sources */,
				C994EFE72A3C551800667459 /* ContentView.swift in Sources */,
				C994EFFB2A42ED7C00667459 /* ProfileView.swift in Sources */,
				C9CC26882A52D72B00F602B1 /* RekomendasiCardView.swift in Sources */,
				9542171A2A43067C0031A3A4 /* ExtensionRoundedCorner.swift in Sources */,
				C9CC268D2A52D7A300F602B1 /* CategoryListView.swift in Sources */,
				C9CC26C12A56A9E500F602B1 /* ProfileReviewView.swift in Sources */,
				C9CC26832A52D6CA00F602B1 /* SearchView.swift in Sources */,
				C994EFE52A3C551800667459 /* MC2_WheelHelpApp.swift in Sources */,
				C9CC26862A52D71F00F602B1 /* KategoriCardView.swift in Sources */,
				FFEEEBBE2A4E8F0A00E97FE5 /* PlaceDetailFacilityView.swift in Sources */,
				FFEEEBC42A4E972D00E97FE5 /* FacilityCardView.swift in Sources */,
			);
			runOnlyForDeploymentPostprocessing = 0;
		};
/* End PBXSourcesBuildPhase section */

/* Begin XCBuildConfiguration section */
		C994EFF32A3C551900667459 /* Debug */ = {
			isa = XCBuildConfiguration;
			buildSettings = {
				ALWAYS_SEARCH_USER_PATHS = NO;
				CLANG_ANALYZER_NONNULL = YES;
				CLANG_ANALYZER_NUMBER_OBJECT_CONVERSION = YES_AGGRESSIVE;
				CLANG_CXX_LANGUAGE_STANDARD = "gnu++20";
				CLANG_ENABLE_MODULES = YES;
				CLANG_ENABLE_OBJC_ARC = YES;
				CLANG_ENABLE_OBJC_WEAK = YES;
				CLANG_WARN_BLOCK_CAPTURE_AUTORELEASING = YES;
				CLANG_WARN_BOOL_CONVERSION = YES;
				CLANG_WARN_COMMA = YES;
				CLANG_WARN_CONSTANT_CONVERSION = YES;
				CLANG_WARN_DEPRECATED_OBJC_IMPLEMENTATIONS = YES;
				CLANG_WARN_DIRECT_OBJC_ISA_USAGE = YES_ERROR;
				CLANG_WARN_DOCUMENTATION_COMMENTS = YES;
				CLANG_WARN_EMPTY_BODY = YES;
				CLANG_WARN_ENUM_CONVERSION = YES;
				CLANG_WARN_INFINITE_RECURSION = YES;
				CLANG_WARN_INT_CONVERSION = YES;
				CLANG_WARN_NON_LITERAL_NULL_CONVERSION = YES;
				CLANG_WARN_OBJC_IMPLICIT_RETAIN_SELF = YES;
				CLANG_WARN_OBJC_LITERAL_CONVERSION = YES;
				CLANG_WARN_OBJC_ROOT_CLASS = YES_ERROR;
				CLANG_WARN_QUOTED_INCLUDE_IN_FRAMEWORK_HEADER = YES;
				CLANG_WARN_RANGE_LOOP_ANALYSIS = YES;
				CLANG_WARN_STRICT_PROTOTYPES = YES;
				CLANG_WARN_SUSPICIOUS_MOVE = YES;
				CLANG_WARN_UNGUARDED_AVAILABILITY = YES_AGGRESSIVE;
				CLANG_WARN_UNREACHABLE_CODE = YES;
				CLANG_WARN__DUPLICATE_METHOD_MATCH = YES;
				COPY_PHASE_STRIP = NO;
				DEBUG_INFORMATION_FORMAT = dwarf;
				ENABLE_STRICT_OBJC_MSGSEND = YES;
				ENABLE_TESTABILITY = YES;
				GCC_C_LANGUAGE_STANDARD = gnu11;
				GCC_DYNAMIC_NO_PIC = NO;
				GCC_NO_COMMON_BLOCKS = YES;
				GCC_OPTIMIZATION_LEVEL = 0;
				GCC_PREPROCESSOR_DEFINITIONS = (
					"DEBUG=1",
					"$(inherited)",
				);
				GCC_WARN_64_TO_32_BIT_CONVERSION = YES;
				GCC_WARN_ABOUT_RETURN_TYPE = YES_ERROR;
				GCC_WARN_UNDECLARED_SELECTOR = YES;
				GCC_WARN_UNINITIALIZED_AUTOS = YES_AGGRESSIVE;
				GCC_WARN_UNUSED_FUNCTION = YES;
				GCC_WARN_UNUSED_VARIABLE = YES;
				IPHONEOS_DEPLOYMENT_TARGET = 16.4;
				MTL_ENABLE_DEBUG_INFO = INCLUDE_SOURCE;
				MTL_FAST_MATH = YES;
				ONLY_ACTIVE_ARCH = YES;
				SDKROOT = iphoneos;
				SWIFT_ACTIVE_COMPILATION_CONDITIONS = DEBUG;
				SWIFT_OPTIMIZATION_LEVEL = "-Onone";
			};
			name = Debug;
		};
		C994EFF42A3C551900667459 /* Release */ = {
			isa = XCBuildConfiguration;
			buildSettings = {
				ALWAYS_SEARCH_USER_PATHS = NO;
				CLANG_ANALYZER_NONNULL = YES;
				CLANG_ANALYZER_NUMBER_OBJECT_CONVERSION = YES_AGGRESSIVE;
				CLANG_CXX_LANGUAGE_STANDARD = "gnu++20";
				CLANG_ENABLE_MODULES = YES;
				CLANG_ENABLE_OBJC_ARC = YES;
				CLANG_ENABLE_OBJC_WEAK = YES;
				CLANG_WARN_BLOCK_CAPTURE_AUTORELEASING = YES;
				CLANG_WARN_BOOL_CONVERSION = YES;
				CLANG_WARN_COMMA = YES;
				CLANG_WARN_CONSTANT_CONVERSION = YES;
				CLANG_WARN_DEPRECATED_OBJC_IMPLEMENTATIONS = YES;
				CLANG_WARN_DIRECT_OBJC_ISA_USAGE = YES_ERROR;
				CLANG_WARN_DOCUMENTATION_COMMENTS = YES;
				CLANG_WARN_EMPTY_BODY = YES;
				CLANG_WARN_ENUM_CONVERSION = YES;
				CLANG_WARN_INFINITE_RECURSION = YES;
				CLANG_WARN_INT_CONVERSION = YES;
				CLANG_WARN_NON_LITERAL_NULL_CONVERSION = YES;
				CLANG_WARN_OBJC_IMPLICIT_RETAIN_SELF = YES;
				CLANG_WARN_OBJC_LITERAL_CONVERSION = YES;
				CLANG_WARN_OBJC_ROOT_CLASS = YES_ERROR;
				CLANG_WARN_QUOTED_INCLUDE_IN_FRAMEWORK_HEADER = YES;
				CLANG_WARN_RANGE_LOOP_ANALYSIS = YES;
				CLANG_WARN_STRICT_PROTOTYPES = YES;
				CLANG_WARN_SUSPICIOUS_MOVE = YES;
				CLANG_WARN_UNGUARDED_AVAILABILITY = YES_AGGRESSIVE;
				CLANG_WARN_UNREACHABLE_CODE = YES;
				CLANG_WARN__DUPLICATE_METHOD_MATCH = YES;
				COPY_PHASE_STRIP = NO;
				DEBUG_INFORMATION_FORMAT = "dwarf-with-dsym";
				ENABLE_NS_ASSERTIONS = NO;
				ENABLE_STRICT_OBJC_MSGSEND = YES;
				GCC_C_LANGUAGE_STANDARD = gnu11;
				GCC_NO_COMMON_BLOCKS = YES;
				GCC_WARN_64_TO_32_BIT_CONVERSION = YES;
				GCC_WARN_ABOUT_RETURN_TYPE = YES_ERROR;
				GCC_WARN_UNDECLARED_SELECTOR = YES;
				GCC_WARN_UNINITIALIZED_AUTOS = YES_AGGRESSIVE;
				GCC_WARN_UNUSED_FUNCTION = YES;
				GCC_WARN_UNUSED_VARIABLE = YES;
				IPHONEOS_DEPLOYMENT_TARGET = 16.4;
				MTL_ENABLE_DEBUG_INFO = NO;
				MTL_FAST_MATH = YES;
				SDKROOT = iphoneos;
				SWIFT_COMPILATION_MODE = wholemodule;
				SWIFT_OPTIMIZATION_LEVEL = "-O";
				VALIDATE_PRODUCT = YES;
			};
			name = Release;
		};
		C994EFF62A3C551900667459 /* Debug */ = {
			isa = XCBuildConfiguration;
			buildSettings = {
				ASSETCATALOG_COMPILER_APPICON_NAME = AppIcon;
				ASSETCATALOG_COMPILER_GLOBAL_ACCENT_COLOR_NAME = AccentColor;
				CODE_SIGN_ENTITLEMENTS = MC2_WheelHelp/MC2_WheelHelp.entitlements;
				CODE_SIGN_IDENTITY = "Apple Development";
				CODE_SIGN_STYLE = Automatic;
				CURRENT_PROJECT_VERSION = 1;
				DEVELOPMENT_ASSET_PATHS = "\"MC2_WheelHelp/Preview Content\"";
				DEVELOPMENT_TEAM = ADCCQ7XPC3;
				ENABLE_PREVIEWS = YES;
				GENERATE_INFOPLIST_FILE = YES;
				INFOPLIST_KEY_UIApplicationSceneManifest_Generation = YES;
				INFOPLIST_KEY_UIApplicationSupportsIndirectInputEvents = YES;
				INFOPLIST_KEY_UILaunchScreen_Generation = YES;
				INFOPLIST_KEY_UISupportedInterfaceOrientations_iPad = "UIInterfaceOrientationPortrait UIInterfaceOrientationPortraitUpsideDown UIInterfaceOrientationLandscapeLeft UIInterfaceOrientationLandscapeRight";
				INFOPLIST_KEY_UISupportedInterfaceOrientations_iPhone = "UIInterfaceOrientationPortrait UIInterfaceOrientationLandscapeLeft UIInterfaceOrientationLandscapeRight";
				LD_RUNPATH_SEARCH_PATHS = (
					"$(inherited)",
					"@executable_path/Frameworks",
				);
				MARKETING_VERSION = 1.0;
				OTHER_LDFLAGS = "";
				PRODUCT_BUNDLE_IDENTIFIER = "com.ada.MC2-WheelHelp-Putri";
				PRODUCT_NAME = "$(TARGET_NAME)";
				PROVISIONING_PROFILE_SPECIFIER = "";
				SWIFT_EMIT_LOC_STRINGS = YES;
				SWIFT_VERSION = 5.0;
				TARGETED_DEVICE_FAMILY = "1,2";
			};
			name = Debug;
		};
		C994EFF72A3C551900667459 /* Release */ = {
			isa = XCBuildConfiguration;
			buildSettings = {
				ASSETCATALOG_COMPILER_APPICON_NAME = AppIcon;
				ASSETCATALOG_COMPILER_GLOBAL_ACCENT_COLOR_NAME = AccentColor;
				CODE_SIGN_ENTITLEMENTS = MC2_WheelHelp/MC2_WheelHelp.entitlements;
				CODE_SIGN_IDENTITY = "Apple Development";
				CODE_SIGN_STYLE = Automatic;
				CURRENT_PROJECT_VERSION = 1;
				DEVELOPMENT_ASSET_PATHS = "\"MC2_WheelHelp/Preview Content\"";
				DEVELOPMENT_TEAM = ADCCQ7XPC3;
				ENABLE_PREVIEWS = YES;
				GENERATE_INFOPLIST_FILE = YES;
				INFOPLIST_KEY_UIApplicationSceneManifest_Generation = YES;
				INFOPLIST_KEY_UIApplicationSupportsIndirectInputEvents = YES;
				INFOPLIST_KEY_UILaunchScreen_Generation = YES;
				INFOPLIST_KEY_UISupportedInterfaceOrientations_iPad = "UIInterfaceOrientationPortrait UIInterfaceOrientationPortraitUpsideDown UIInterfaceOrientationLandscapeLeft UIInterfaceOrientationLandscapeRight";
				INFOPLIST_KEY_UISupportedInterfaceOrientations_iPhone = "UIInterfaceOrientationPortrait UIInterfaceOrientationLandscapeLeft UIInterfaceOrientationLandscapeRight";
				LD_RUNPATH_SEARCH_PATHS = (
					"$(inherited)",
					"@executable_path/Frameworks",
				);
				MARKETING_VERSION = 1.0;
				OTHER_LDFLAGS = "";
				PRODUCT_BUNDLE_IDENTIFIER = "com.ada.MC2-WheelHelp-Putri";
				PRODUCT_NAME = "$(TARGET_NAME)";
				PROVISIONING_PROFILE_SPECIFIER = "";
				SWIFT_EMIT_LOC_STRINGS = YES;
				SWIFT_VERSION = 5.0;
				TARGETED_DEVICE_FAMILY = "1,2";
			};
			name = Release;
		};
/* End XCBuildConfiguration section */

/* Begin XCConfigurationList section */
		C994EFDC2A3C551800667459 /* Build configuration list for PBXProject "MC2_WheelHelp" */ = {
			isa = XCConfigurationList;
			buildConfigurations = (
				C994EFF32A3C551900667459 /* Debug */,
				C994EFF42A3C551900667459 /* Release */,
			);
			defaultConfigurationIsVisible = 0;
			defaultConfigurationName = Release;
		};
		C994EFF52A3C551900667459 /* Build configuration list for PBXNativeTarget "MC2_WheelHelp" */ = {
			isa = XCConfigurationList;
			buildConfigurations = (
				C994EFF62A3C551900667459 /* Debug */,
				C994EFF72A3C551900667459 /* Release */,
			);
			defaultConfigurationIsVisible = 0;
			defaultConfigurationName = Release;
		};
/* End XCConfigurationList section */

/* Begin XCVersionGroup section */
		C994EFEF2A3C551900667459 /* MC2_WheelHelp.xcdatamodeld */ = {
			isa = XCVersionGroup;
			children = (
				C994EFF02A3C551900667459 /* MC2_WheelHelp.xcdatamodel */,
			);
			currentVersion = C994EFF02A3C551900667459 /* MC2_WheelHelp.xcdatamodel */;
			path = MC2_WheelHelp.xcdatamodeld;
			sourceTree = "<group>";
			versionGroupType = wrapper.xcdatamodel;
		};
/* End XCVersionGroup section */
	};
	rootObject = C994EFD92A3C551800667459 /* Project object */;
}
