// !$*UTF8*$!
{
	archiveVersion = 1;
	classes = {
	};
	objectVersion = 56;
	objects = {

/* Begin PBXBuildFile section */
		C994EFE52A3C551800667459 /* MC2_WheelHelpApp.swift in Sources */ = {isa = PBXBuildFile; fileRef = C994EFE42A3C551800667459 /* MC2_WheelHelpApp.swift */; };
		C994EFE72A3C551800667459 /* ContentView.swift in Sources */ = {isa = PBXBuildFile; fileRef = C994EFE62A3C551800667459 /* ContentView.swift */; };
		C994EFE92A3C551900667459 /* Assets.xcassets in Resources */ = {isa = PBXBuildFile; fileRef = C994EFE82A3C551900667459 /* Assets.xcassets */; };
		C994EFEC2A3C551900667459 /* Preview Assets.xcassets in Resources */ = {isa = PBXBuildFile; fileRef = C994EFEB2A3C551900667459 /* Preview Assets.xcassets */; };
		C994EFEE2A3C551900667459 /* Persistence.swift in Sources */ = {isa = PBXBuildFile; fileRef = C994EFED2A3C551900667459 /* Persistence.swift */; };
		C994EFF12A3C551900667459 /* MC2_WheelHelp.xcdatamodeld in Sources */ = {isa = PBXBuildFile; fileRef = C994EFEF2A3C551900667459 /* MC2_WheelHelp.xcdatamodeld */; };
		FF29F02E2A42EEBF001234AB /* PlaceDetailInformationView.swift in Sources */ = {isa = PBXBuildFile; fileRef = FF29F02D2A42EEBF001234AB /* PlaceDetailInformationView.swift */; };
		FF9A44CE2A443E7200D345EC /* NearbyHealthFacilitiesCardView.swift in Sources */ = {isa = PBXBuildFile; fileRef = FF9A44CD2A443E7200D345EC /* NearbyHealthFacilitiesCardView.swift */; };
		FF9A44D22A444C2400D345EC /* ReviewSmallCardView.swift in Sources */ = {isa = PBXBuildFile; fileRef = FF9A44D12A444C2400D345EC /* ReviewSmallCardView.swift */; };
/* End PBXBuildFile section */

/* Begin PBXFileReference section */
		C994EFE12A3C551800667459 /* MC2_WheelHelp.app */ = {isa = PBXFileReference; explicitFileType = wrapper.application; includeInIndex = 0; path = MC2_WheelHelp.app; sourceTree = BUILT_PRODUCTS_DIR; };
		C994EFE42A3C551800667459 /* MC2_WheelHelpApp.swift */ = {isa = PBXFileReference; lastKnownFileType = sourcecode.swift; path = MC2_WheelHelpApp.swift; sourceTree = "<group>"; };
		C994EFE62A3C551800667459 /* ContentView.swift */ = {isa = PBXFileReference; lastKnownFileType = sourcecode.swift; path = ContentView.swift; sourceTree = "<group>"; };
		C994EFE82A3C551900667459 /* Assets.xcassets */ = {isa = PBXFileReference; lastKnownFileType = folder.assetcatalog; path = Assets.xcassets; sourceTree = "<group>"; };
		C994EFEB2A3C551900667459 /* Preview Assets.xcassets */ = {isa = PBXFileReference; lastKnownFileType = folder.assetcatalog; path = "Preview Assets.xcassets"; sourceTree = "<group>"; };
		C994EFED2A3C551900667459 /* Persistence.swift */ = {isa = PBXFileReference; lastKnownFileType = sourcecode.swift; path = Persistence.swift; sourceTree = "<group>"; };
		C994EFF02A3C551900667459 /* MC2_WheelHelp.xcdatamodel */ = {isa = PBXFileReference; lastKnownFileType = wrapper.xcdatamodel; path = MC2_WheelHelp.xcdatamodel; sourceTree = "<group>"; };
		C994EFF22A3C551900667459 /* Info.plist */ = {isa = PBXFileReference; lastKnownFileType = text.plist.xml; path = Info.plist; sourceTree = "<group>"; };
		FF29F02D2A42EEBF001234AB /* PlaceDetailInformationView.swift */ = {isa = PBXFileReference; lastKnownFileType = sourcecode.swift; path = PlaceDetailInformationView.swift; sourceTree = "<group>"; };
		FF9A44CD2A443E7200D345EC /* NearbyHealthFacilitiesCardView.swift */ = {isa = PBXFileReference; lastKnownFileType = sourcecode.swift; path = NearbyHealthFacilitiesCardView.swift; sourceTree = "<group>"; };
		FF9A44D12A444C2400D345EC /* ReviewSmallCardView.swift */ = {isa = PBXFileReference; lastKnownFileType = sourcecode.swift; path = ReviewSmallCardView.swift; sourceTree = "<group>"; };
/* End PBXFileReference section */

/* Begin PBXFrameworksBuildPhase section */
		C994EFDE2A3C551800667459 /* Frameworks */ = {
			isa = PBXFrameworksBuildPhase;
			buildActionMask = 2147483647;
			files = (
			);
			runOnlyForDeploymentPostprocessing = 0;
		};
/* End PBXFrameworksBuildPhase section */

/* Begin PBXGroup section */
		C994EFD82A3C551800667459 = {
			isa = PBXGroup;
			children = (
				C994EFE32A3C551800667459 /* MC2_WheelHelp */,
				C994EFE22A3C551800667459 /* Products */,
			);
			sourceTree = "<group>";
		};
		C994EFE22A3C551800667459 /* Products */ = {
			isa = PBXGroup;
			children = (
				C994EFE12A3C551800667459 /* MC2_WheelHelp.app */,
			);
			name = Products;
			sourceTree = "<group>";
		};
		C994EFE32A3C551800667459 /* MC2_WheelHelp */ = {
			isa = PBXGroup;
			children = (
				FF29F02A2A42E908001234AB /* View */,
				C994EFE42A3C551800667459 /* MC2_WheelHelpApp.swift */,
				C994EFE62A3C551800667459 /* ContentView.swift */,
				C994EFE82A3C551900667459 /* Assets.xcassets */,
				C994EFED2A3C551900667459 /* Persistence.swift */,
				C994EFF22A3C551900667459 /* Info.plist */,
				C994EFEF2A3C551900667459 /* MC2_WheelHelp.xcdatamodeld */,
				C994EFEA2A3C551900667459 /* Preview Content */,
			);
			path = MC2_WheelHelp;
			sourceTree = "<group>";
		};
		C994EFEA2A3C551900667459 /* Preview Content */ = {
			isa = PBXGroup;
			children = (
				C994EFEB2A3C551900667459 /* Preview Assets.xcassets */,
			);
			path = "Preview Content";
			sourceTree = "<group>";
		};
		FF29F02A2A42E908001234AB /* View */ = {
			isa = PBXGroup;
			children = (
				FF9A44CB2A443CEC00D345EC /* PlaceDetail */,
			);
			path = View;
			sourceTree = "<group>";
		};
		FF9A44CB2A443CEC00D345EC /* PlaceDetail */ = {
			isa = PBXGroup;
			children = (
				FF9A44CC2A443E4E00D345EC /* CardView */,
				FF29F02D2A42EEBF001234AB /* PlaceDetailInformationView.swift */,
			);
			path = PlaceDetail;
			sourceTree = "<group>";
		};
		FF9A44CC2A443E4E00D345EC /* CardView */ = {
			isa = PBXGroup;
			children = (
				FF9A44CD2A443E7200D345EC /* NearbyHealthFacilitiesCardView.swift */,
				FF9A44D12A444C2400D345EC /* ReviewSmallCardView.swift */,
			);
			path = CardView;
			sourceTree = "<group>";
		};
/* End PBXGroup section */

/* Begin PBXNativeTarget section */
		C994EFE02A3C551800667459 /* MC2_WheelHelp */ = {
			isa = PBXNativeTarget;
			buildConfigurationList = C994EFF52A3C551900667459 /* Build configuration list for PBXNativeTarget "MC2_WheelHelp" */;
			buildPhases = (
				C994EFDD2A3C551800667459 /* Sources */,
				C994EFDE2A3C551800667459 /* Frameworks */,
				C994EFDF2A3C551800667459 /* Resources */,
			);
			buildRules = (
			);
			dependencies = (
			);
			name = MC2_WheelHelp;
			productName = MC2_WheelHelp;
			productReference = C994EFE12A3C551800667459 /* MC2_WheelHelp.app */;
			productType = "com.apple.product-type.application";
		};
/* End PBXNativeTarget section */

/* Begin PBXProject section */
		C994EFD92A3C551800667459 /* Project object */ = {
			isa = PBXProject;
			attributes = {
				BuildIndependentTargetsInParallel = 1;
				LastSwiftUpdateCheck = 1430;
				LastUpgradeCheck = 1430;
				TargetAttributes = {
					C994EFE02A3C551800667459 = {
						CreatedOnToolsVersion = 14.3.1;
					};
				};
			};
			buildConfigurationList = C994EFDC2A3C551800667459 /* Build configuration list for PBXProject "MC2_WheelHelp" */;
			compatibilityVersion = "Xcode 14.0";
			developmentRegion = en;
			hasScannedForEncodings = 0;
			knownRegions = (
				en,
				Base,
			);
			mainGroup = C994EFD82A3C551800667459;
			productRefGroup = C994EFE22A3C551800667459 /* Products */;
			projectDirPath = "";
			projectRoot = "";
			targets = (
				C994EFE02A3C551800667459 /* MC2_WheelHelp */,
			);
		};
/* End PBXProject section */

/* Begin PBXResourcesBuildPhase section */
		C994EFDF2A3C551800667459 /* Resources */ = {
			isa = PBXResourcesBuildPhase;
			buildActionMask = 2147483647;
			files = (
				C994EFEC2A3C551900667459 /* Preview Assets.xcassets in Resources */,
				C994EFE92A3C551900667459 /* Assets.xcassets in Resources */,
			);
			runOnlyForDeploymentPostprocessing = 0;
		};
/* End PBXResourcesBuildPhase section */

/* Begin PBXSourcesBuildPhase section */
		C994EFDD2A3C551800667459 /* Sources */ = {
			isa = PBXSourcesBuildPhase;
			buildActionMask = 2147483647;
			files = (
				C994EFEE2A3C551900667459 /* Persistence.swift in Sources */,
				FF9A44D22A444C2400D345EC /* ReviewSmallCardView.swift in Sources */,
				FF29F02E2A42EEBF001234AB /* PlaceDetailInformationView.swift in Sources */,
				C994EFF12A3C551900667459 /* MC2_WheelHelp.xcdatamodeld in Sources */,
				C994EFE72A3C551800667459 /* ContentView.swift in Sources */,
				FF9A44CE2A443E7200D345EC /* NearbyHealthFacilitiesCardView.swift in Sources */,
				C994EFE52A3C551800667459 /* MC2_WheelHelpApp.swift in Sources */,
			);
			runOnlyForDeploymentPostprocessing = 0;
		};
/* End PBXSourcesBuildPhase section */

/* Begin XCBuildConfiguration section */
		C994EFF32A3C551900667459 /* Debug */ = {
			isa = XCBuildConfiguration;
			buildSettings = {
				ALWAYS_SEARCH_USER_PATHS = NO;
				CLANG_ANALYZER_NONNULL = YES;
				CLANG_ANALYZER_NUMBER_OBJECT_CONVERSION = YES_AGGRESSIVE;
				CLANG_CXX_LANGUAGE_STANDARD = "gnu++20";
				CLANG_ENABLE_MODULES = YES;
				CLANG_ENABLE_OBJC_ARC = YES;
				CLANG_ENABLE_OBJC_WEAK = YES;
				CLANG_WARN_BLOCK_CAPTURE_AUTORELEASING = YES;
				CLANG_WARN_BOOL_CONVERSION = YES;
				CLANG_WARN_COMMA = YES;
				CLANG_WARN_CONSTANT_CONVERSION = YES;
				CLANG_WARN_DEPRECATED_OBJC_IMPLEMENTATIONS = YES;
				CLANG_WARN_DIRECT_OBJC_ISA_USAGE = YES_ERROR;
				CLANG_WARN_DOCUMENTATION_COMMENTS = YES;
				CLANG_WARN_EMPTY_BODY = YES;
				CLANG_WARN_ENUM_CONVERSION = YES;
				CLANG_WARN_INFINITE_RECURSION = YES;
				CLANG_WARN_INT_CONVERSION = YES;
				CLANG_WARN_NON_LITERAL_NULL_CONVERSION = YES;
				CLANG_WARN_OBJC_IMPLICIT_RETAIN_SELF = YES;
				CLANG_WARN_OBJC_LITERAL_CONVERSION = YES;
				CLANG_WARN_OBJC_ROOT_CLASS = YES_ERROR;
				CLANG_WARN_QUOTED_INCLUDE_IN_FRAMEWORK_HEADER = YES;
				CLANG_WARN_RANGE_LOOP_ANALYSIS = YES;
				CLANG_WARN_STRICT_PROTOTYPES = YES;
				CLANG_WARN_SUSPICIOUS_MOVE = YES;
				CLANG_WARN_UNGUARDED_AVAILABILITY = YES_AGGRESSIVE;
				CLANG_WARN_UNREACHABLE_CODE = YES;
				CLANG_WARN__DUPLICATE_METHOD_MATCH = YES;
				COPY_PHASE_STRIP = NO;
				DEBUG_INFORMATION_FORMAT = dwarf;
				ENABLE_STRICT_OBJC_MSGSEND = YES;
				ENABLE_TESTABILITY = YES;
				GCC_C_LANGUAGE_STANDARD = gnu11;
				GCC_DYNAMIC_NO_PIC = NO;
				GCC_NO_COMMON_BLOCKS = YES;
				GCC_OPTIMIZATION_LEVEL = 0;
				GCC_PREPROCESSOR_DEFINITIONS = (
					"DEBUG=1",
					"$(inherited)",
				);
				GCC_WARN_64_TO_32_BIT_CONVERSION = YES;
				GCC_WARN_ABOUT_RETURN_TYPE = YES_ERROR;
				GCC_WARN_UNDECLARED_SELECTOR = YES;
				GCC_WARN_UNINITIALIZED_AUTOS = YES_AGGRESSIVE;
				GCC_WARN_UNUSED_FUNCTION = YES;
				GCC_WARN_UNUSED_VARIABLE = YES;
				IPHONEOS_DEPLOYMENT_TARGET = 16.4;
				MTL_ENABLE_DEBUG_INFO = INCLUDE_SOURCE;
				MTL_FAST_MATH = YES;
				ONLY_ACTIVE_ARCH = YES;
				SDKROOT = iphoneos;
				SWIFT_ACTIVE_COMPILATION_CONDITIONS = DEBUG;
				SWIFT_OPTIMIZATION_LEVEL = "-Onone";
			};
			name = Debug;
		};
		C994EFF42A3C551900667459 /* Release */ = {
			isa = XCBuildConfiguration;
			buildSettings = {
				ALWAYS_SEARCH_USER_PATHS = NO;
				CLANG_ANALYZER_NONNULL = YES;
				CLANG_ANALYZER_NUMBER_OBJECT_CONVERSION = YES_AGGRESSIVE;
				CLANG_CXX_LANGUAGE_STANDARD = "gnu++20";
				CLANG_ENABLE_MODULES = YES;
				CLANG_ENABLE_OBJC_ARC = YES;
				CLANG_ENABLE_OBJC_WEAK = YES;
				CLANG_WARN_BLOCK_CAPTURE_AUTORELEASING = YES;
				CLANG_WARN_BOOL_CONVERSION = YES;
				CLANG_WARN_COMMA = YES;
				CLANG_WARN_CONSTANT_CONVERSION = YES;
				CLANG_WARN_DEPRECATED_OBJC_IMPLEMENTATIONS = YES;
				CLANG_WARN_DIRECT_OBJC_ISA_USAGE = YES_ERROR;
				CLANG_WARN_DOCUMENTATION_COMMENTS = YES;
				CLANG_WARN_EMPTY_BODY = YES;
				CLANG_WARN_ENUM_CONVERSION = YES;
				CLANG_WARN_INFINITE_RECURSION = YES;
				CLANG_WARN_INT_CONVERSION = YES;
				CLANG_WARN_NON_LITERAL_NULL_CONVERSION = YES;
				CLANG_WARN_OBJC_IMPLICIT_RETAIN_SELF = YES;
				CLANG_WARN_OBJC_LITERAL_CONVERSION = YES;
				CLANG_WARN_OBJC_ROOT_CLASS = YES_ERROR;
				CLANG_WARN_QUOTED_INCLUDE_IN_FRAMEWORK_HEADER = YES;
				CLANG_WARN_RANGE_LOOP_ANALYSIS = YES;
				CLANG_WARN_STRICT_PROTOTYPES = YES;
				CLANG_WARN_SUSPICIOUS_MOVE = YES;
				CLANG_WARN_UNGUARDED_AVAILABILITY = YES_AGGRESSIVE;
				CLANG_WARN_UNREACHABLE_CODE = YES;
				CLANG_WARN__DUPLICATE_METHOD_MATCH = YES;
				COPY_PHASE_STRIP = NO;
				DEBUG_INFORMATION_FORMAT = "dwarf-with-dsym";
				ENABLE_NS_ASSERTIONS = NO;
				ENABLE_STRICT_OBJC_MSGSEND = YES;
				GCC_C_LANGUAGE_STANDARD = gnu11;
				GCC_NO_COMMON_BLOCKS = YES;
				GCC_WARN_64_TO_32_BIT_CONVERSION = YES;
				GCC_WARN_ABOUT_RETURN_TYPE = YES_ERROR;
				GCC_WARN_UNDECLARED_SELECTOR = YES;
				GCC_WARN_UNINITIALIZED_AUTOS = YES_AGGRESSIVE;
				GCC_WARN_UNUSED_FUNCTION = YES;
				GCC_WARN_UNUSED_VARIABLE = YES;
				IPHONEOS_DEPLOYMENT_TARGET = 16.4;
				MTL_ENABLE_DEBUG_INFO = NO;
				MTL_FAST_MATH = YES;
				SDKROOT = iphoneos;
				SWIFT_COMPILATION_MODE = wholemodule;
				SWIFT_OPTIMIZATION_LEVEL = "-O";
				VALIDATE_PRODUCT = YES;
			};
			name = Release;
		};
		C994EFF62A3C551900667459 /* Debug */ = {
			isa = XCBuildConfiguration;
			buildSettings = {
				ASSETCATALOG_COMPILER_APPICON_NAME = AppIcon;
				ASSETCATALOG_COMPILER_GLOBAL_ACCENT_COLOR_NAME = AccentColor;
				CODE_SIGN_STYLE = Automatic;
				CURRENT_PROJECT_VERSION = 1;
				DEVELOPMENT_ASSET_PATHS = "\"MC2_WheelHelp/Preview Content\"";
				ENABLE_PREVIEWS = YES;
				GENERATE_INFOPLIST_FILE = YES;
				INFOPLIST_KEY_UIApplicationSceneManifest_Generation = YES;
				INFOPLIST_KEY_UIApplicationSupportsIndirectInputEvents = YES;
				INFOPLIST_KEY_UILaunchScreen_Generation = YES;
				INFOPLIST_KEY_UISupportedInterfaceOrientations_iPad = "UIInterfaceOrientationPortrait UIInterfaceOrientationPortraitUpsideDown UIInterfaceOrientationLandscapeLeft UIInterfaceOrientationLandscapeRight";
				INFOPLIST_KEY_UISupportedInterfaceOrientations_iPhone = "UIInterfaceOrientationPortrait UIInterfaceOrientationLandscapeLeft UIInterfaceOrientationLandscapeRight";
				LD_RUNPATH_SEARCH_PATHS = (
					"$(inherited)",
					"@executable_path/Frameworks",
				);
				MARKETING_VERSION = 1.0;
				PRODUCT_BUNDLE_IDENTIFIER = "com.ada.MC2-WheelHelp";
				PRODUCT_NAME = "$(TARGET_NAME)";
				SWIFT_EMIT_LOC_STRINGS = YES;
				SWIFT_VERSION = 5.0;
				TARGETED_DEVICE_FAMILY = "1,2";
			};
			name = Debug;
		};
		C994EFF72A3C551900667459 /* Release */ = {
			isa = XCBuildConfiguration;
			buildSettings = {
				ASSETCATALOG_COMPILER_APPICON_NAME = AppIcon;
				ASSETCATALOG_COMPILER_GLOBAL_ACCENT_COLOR_NAME = AccentColor;
				CODE_SIGN_STYLE = Automatic;
				CURRENT_PROJECT_VERSION = 1;
				DEVELOPMENT_ASSET_PATHS = "\"MC2_WheelHelp/Preview Content\"";
				ENABLE_PREVIEWS = YES;
				GENERATE_INFOPLIST_FILE = YES;
				INFOPLIST_KEY_UIApplicationSceneManifest_Generation = YES;
				INFOPLIST_KEY_UIApplicationSupportsIndirectInputEvents = YES;
				INFOPLIST_KEY_UILaunchScreen_Generation = YES;
				INFOPLIST_KEY_UISupportedInterfaceOrientations_iPad = "UIInterfaceOrientationPortrait UIInterfaceOrientationPortraitUpsideDown UIInterfaceOrientationLandscapeLeft UIInterfaceOrientationLandscapeRight";
				INFOPLIST_KEY_UISupportedInterfaceOrientations_iPhone = "UIInterfaceOrientationPortrait UIInterfaceOrientationLandscapeLeft UIInterfaceOrientationLandscapeRight";
				LD_RUNPATH_SEARCH_PATHS = (
					"$(inherited)",
					"@executable_path/Frameworks",
				);
				MARKETING_VERSION = 1.0;
				PRODUCT_BUNDLE_IDENTIFIER = "com.ada.MC2-WheelHelp";
				PRODUCT_NAME = "$(TARGET_NAME)";
				SWIFT_EMIT_LOC_STRINGS = YES;
				SWIFT_VERSION = 5.0;
				TARGETED_DEVICE_FAMILY = "1,2";
			};
			name = Release;
		};
/* End XCBuildConfiguration section */

/* Begin XCConfigurationList section */
		C994EFDC2A3C551800667459 /* Build configuration list for PBXProject "MC2_WheelHelp" */ = {
			isa = XCConfigurationList;
			buildConfigurations = (
				C994EFF32A3C551900667459 /* Debug */,
				C994EFF42A3C551900667459 /* Release */,
			);
			defaultConfigurationIsVisible = 0;
			defaultConfigurationName = Release;
		};
		C994EFF52A3C551900667459 /* Build configuration list for PBXNativeTarget "MC2_WheelHelp" */ = {
			isa = XCConfigurationList;
			buildConfigurations = (
				C994EFF62A3C551900667459 /* Debug */,
				C994EFF72A3C551900667459 /* Release */,
			);
			defaultConfigurationIsVisible = 0;
			defaultConfigurationName = Release;
		};
/* End XCConfigurationList section */

/* Begin XCVersionGroup section */
		C994EFEF2A3C551900667459 /* MC2_WheelHelp.xcdatamodeld */ = {
			isa = XCVersionGroup;
			children = (
				C994EFF02A3C551900667459 /* MC2_WheelHelp.xcdatamodel */,
			);
			currentVersion = C994EFF02A3C551900667459 /* MC2_WheelHelp.xcdatamodel */;
			path = MC2_WheelHelp.xcdatamodeld;
			sourceTree = "<group>";
			versionGroupType = wrapper.xcdatamodel;
		};
/* End XCVersionGroup section */
	};
	rootObject = C994EFD92A3C551800667459 /* Project object */;
}
